<?xml version="1.0" encoding="UTF-8" standalone="yes" ?>
<CodeBlocks_project_file>
	<FileVersion major="1" minor="6" />
	<Project>
		<Option title="1x02 Data Structures in C" />
		<Option pch_mode="2" />
		<Option compiler="gcc" />
		<Build>
			<Target title="Debug">
				<Option output="bin/Debug/1x02 Data Structures in C" prefix_auto="1" extension_auto="1" />
				<Option object_output="obj/Debug/" />
				<Option type="1" />
				<Option compiler="gcc" />
				<Compiler>
					<Add option="-g" />
					<Add option="-std=c11" />
				</Compiler>
			</Target>
			<Target title="Release">
				<Option output="bin/Release/1x02 Data Structures in C" prefix_auto="1" extension_auto="1" />
				<Option object_output="obj/Release/" />
				<Option type="1" />
				<Option compiler="gcc" />
				<Compiler>
					<Add option="-O2" />
				</Compiler>
				<Linker>
					<Add option="-s" />
				</Linker>
			</Target>
		</Build>
		<Compiler>
			<Add option="-Wall" />
		</Compiler>
		<Unit filename="1x02 Data Structures in C (Library).c">
			<Option compilerVar="CC" />
		</Unit>
		<Unit filename="1x02 Data Structures in C (Main).c">
			<Option compilerVar="CC" />
		</Unit>
		<Unit filename="1x02 Data Structures in C.h" />
		<Unit filename="_0x00_MainMenu.c">
			<Option compilerVar="CC" />
		</Unit>
		<Unit filename="_1x00_Stacks.h" />
		<Unit filename="_1x00_Stacks_Menu.c">
			<Option compilerVar="CC" />
		</Unit>
		<Unit filename="_1x01_Stacks.c">
			<Option compilerVar="CC" />
		</Unit>
		<Unit filename="_1x02_Infix_Postfix_Notation.c">
			<Option compilerVar="CC" />
		</Unit>
		<Unit filename="_1x03_Evaluate_PostFix_Expression.c">
			<Option compilerVar="CC" />
		</Unit>
		<Unit filename="_2x00_Queues.h" />
		<Unit filename="_2x00_Queues_Menu.c">
			<Option compilerVar="CC" />
		</Unit>
		<Unit filename="_2x01_Linear_Queue.c">
			<Option compilerVar="CC" />
		</Unit>
		<Unit filename="_Changes in 1x02 Data Structures in C.txt" />
		<Extensions>
			<code_completion />
			<envvars />
			<debugger />
			<lib_finder disable_auto="1" />
		</Extensions>
	</Project>
</CodeBlocks_project_file>
